
Microsoft Visual Studio Solution File, Format Version 12.00
# Visual Studio 14
VisualStudioVersion = 14.0.25420.1
MinimumVisualStudioVersion = 10.0.40219.1
Project("{FAE04EC0-301F-11D3-BF4B-00C04F79EFBC}") = "PruebaGitFLow", "PruebaGitFLow\PruebaGitFLow.csproj", "{CDFA3C3D-96F9-4506-9869-3EC4DB24B7DF}"
EndProject
Project("{FAE04EC0-301F-11D3-BF4B-00C04F79EFBC}") = "View", "View\View.csproj", "{6B52AA29-45F0-4D23-BFC7-60A5E979B069}"
EndProject
Global
	GlobalSection(SolutionConfigurationPlatforms) = preSolution
		Debug|Any CPU = Debug|Any CPU
		Release|Any CPU = Release|Any CPU
	EndGlobalSection
	GlobalSection(ProjectConfigurationPlatforms) = postSolution
		{CDFA3C3D-96F9-4506-9869-3EC4DB24B7DF}.Debug|Any CPU.ActiveCfg = Debug|Any CPU
		{CDFA3C3D-96F9-4506-9869-3EC4DB24B7DF}.Debug|Any CPU.Build.0 = Debug|Any CPU
		{CDFA3C3D-96F9-4506-9869-3EC4DB24B7DF}.Release|Any CPU.ActiveCfg = Release|Any CPU
		{CDFA3C3D-96F9-4506-9869-3EC4DB24B7DF}.Release|Any CPU.Build.0 = Release|Any CPU
		{6B52AA29-45F0-4D23-BFC7-60A5E979B069}.Debug|Any CPU.ActiveCfg = Debug|Any CPU
		{6B52AA29-45F0-4D23-BFC7-60A5E979B069}.Debug|Any CPU.Build.0 = Debug|Any CPU
		{6B52AA29-45F0-4D23-BFC7-60A5E979B069}.Release|Any CPU.ActiveCfg = Release|Any CPU
		{6B52AA29-45F0-4D23-BFC7-60A5E979B069}.Release|Any CPU.Build.0 = Release|Any CPU
	EndGlobalSection
	GlobalSection(SolutionProperties) = preSolution
		HideSolutionNode = FALSE
	EndGlobalSection
EndGlobal
